{
  "projects": [
    {
      "projectId": "verTqurZzkaRSaGwvFXmnc",
      "version": "latest",
      "dependencies": {},
      "lang": "ts",
      "fileLocks": [
        {
          "type": "globalVariant",
          "assetId": "SSKQHI4fjLD",
          "checksum": "ec1dafc8094ef852aa5e7a240a52627c"
        },
        {
          "type": "renderModule",
          "assetId": "8Ud0pBNdU0",
          "checksum": "99736ea2a0f3e9cc7841598e76e0428e"
        },
        {
          "type": "cssRules",
          "assetId": "8Ud0pBNdU0",
          "checksum": "99736ea2a0f3e9cc7841598e76e0428e"
        },
        {
          "type": "renderModule",
          "assetId": "W_H4LjYWu5",
          "checksum": "aed9af1c85652101d6e9a3b04580808b"
        },
        {
          "type": "cssRules",
          "assetId": "W_H4LjYWu5",
          "checksum": "aed9af1c85652101d6e9a3b04580808b"
        },
        {
          "type": "renderModule",
          "assetId": "4330L__8c4",
          "checksum": "b5a78e15a2b1beef8ef0367ff6e1c6ce"
        },
        {
          "type": "cssRules",
          "assetId": "4330L__8c4",
          "checksum": "b5a78e15a2b1beef8ef0367ff6e1c6ce"
        },
        {
          "type": "renderModule",
          "assetId": "TGRouhUaEx",
          "checksum": "e49efccb861a5f951c41a440ef2c9c5b"
        },
        {
          "type": "cssRules",
          "assetId": "TGRouhUaEx",
          "checksum": "e49efccb861a5f951c41a440ef2c9c5b"
        },
        {
          "type": "renderModule",
          "assetId": "PaLU3rBawjK",
          "checksum": "7022eddb4ac6ac4daaa77c07507be08a"
        },
        {
          "type": "cssRules",
          "assetId": "PaLU3rBawjK",
          "checksum": "7022eddb4ac6ac4daaa77c07507be08a"
        },
        {
          "type": "renderModule",
          "assetId": "mSIdBRkJtwB",
          "checksum": "419c21148db8cdfbad97a9fc5d018a5d"
        },
        {
          "type": "cssRules",
          "assetId": "mSIdBRkJtwB",
          "checksum": "419c21148db8cdfbad97a9fc5d018a5d"
        },
        {
          "assetId": "verTqurZzkaRSaGwvFXmnc",
          "type": "projectCss",
          "checksum": "c385e73320785ab92cc65abcc218f51b"
        },
        {
          "type": "renderModule",
          "assetId": "gtbM4CdREki",
          "checksum": "b8549d4e57e5bbb9bc17923e2124bc49"
        },
        {
          "type": "cssRules",
          "assetId": "gtbM4CdREki",
          "checksum": "b8549d4e57e5bbb9bc17923e2124bc49"
        },
        {
          "type": "icon",
          "assetId": "x2SSWSa98Lh",
          "checksum": "b641a23a53166135cd14ef7d3e18342c"
        }
      ]
    }
  ],
  "cliVersion": "0.1.166"
}
